
Microsoft Visual Studio Solution File, Format Version 12.00
# Visual Studio 15
VisualStudioVersion = 15.0.27130.2026
MinimumVisualStudioVersion = 10.0.40219.1
Project("{FAE04EC0-301F-11D3-BF4B-00C04F79EFBC}") = "TeaShop", "TeaShop\TeaShop.csproj", "{61513C6C-BF28-4B4E-A20D-3D83946EF6F2}"
EndProject
Global
	GlobalSection(SolutionConfigurationPlatforms) = preSolution
		Debug|Any CPU = Debug|Any CPU
		Release|Any CPU = Release|Any CPU
	EndGlobalSection
	GlobalSection(ProjectConfigurationPlatforms) = postSolution
		{61513C6C-BF28-4B4E-A20D-3D83946EF6F2}.Debug|Any CPU.ActiveCfg = Debug|Any CPU
		{61513C6C-BF28-4B4E-A20D-3D83946EF6F2}.Debug|Any CPU.Build.0 = Debug|Any CPU
		{61513C6C-BF28-4B4E-A20D-3D83946EF6F2}.Release|Any CPU.ActiveCfg = Release|Any CPU
		{61513C6C-BF28-4B4E-A20D-3D83946EF6F2}.Release|Any CPU.Build.0 = Release|Any CPU
	EndGlobalSection
	GlobalSection(SolutionProperties) = preSolution
		HideSolutionNode = FALSE
	EndGlobalSection
	GlobalSection(ExtensibilityGlobals) = postSolution
		SolutionGuid = {FED2D1A6-367F-4E8B-AE38-D124BAE35E37}
	EndGlobalSection
EndGlobal
